// !$*UTF8*$!
{
	archiveVersion = 1;
	classes = {
	};
	objectVersion = 46;
	objects = {

/* Begin PBXBuildFile section */
		35DDE1D71DA4DFFF009A879D /* main.m in Sources */ = {isa = PBXBuildFile; fileRef = 35DDE1D61DA4DFFF009A879D /* main.m */; };
		35DDE1DA1DA4DFFF009A879D /* AppDelegate.m in Sources */ = {isa = PBXBuildFile; fileRef = 35DDE1D91DA4DFFF009A879D /* AppDelegate.m */; };
		35DDE1DD1DA4DFFF009A879D /* ViewController.m in Sources */ = {isa = PBXBuildFile; fileRef = 35DDE1DC1DA4DFFF009A879D /* ViewController.m */; };
		35DDE1E01DA4DFFF009A879D /* Main.storyboard in Resources */ = {isa = PBXBuildFile; fileRef = 35DDE1DE1DA4DFFF009A879D /* Main.storyboard */; };
		35DDE1E21DA4DFFF009A879D /* Assets.xcassets in Resources */ = {isa = PBXBuildFile; fileRef = 35DDE1E11DA4DFFF009A879D /* Assets.xcassets */; };
		35DDE1E51DA4DFFF009A879D /* LaunchScreen.storyboard in Resources */ = {isa = PBXBuildFile; fileRef = 35DDE1E31DA4DFFF009A879D /* LaunchScreen.storyboard */; };
/* End PBXBuildFile section */

/* Begin PBXFileReference section */
		35DDE1D21DA4DFFF009A879D /* Attributor.app */ = {isa = PBXFileReference; explicitFileType = wrapper.application; includeInIndex = 0; path = Attributor.app; sourceTree = BUILT_PRODUCTS_DIR; };
		35DDE1D61DA4DFFF009A879D /* main.m */ = {isa = PBXFileReference; lastKnownFileType = sourcecode.c.objc; path = main.m; sourceTree = "<group>"; };
		35DDE1D81DA4DFFF009A879D /* AppDelegate.h */ = {isa = PBXFileReference; lastKnownFileType = sourcecode.c.h; path = AppDelegate.h; sourceTree = "<group>"; };
		35DDE1D91DA4DFFF009A879D /* AppDelegate.m */ = {isa = PBXFileReference; lastKnownFileType = sourcecode.c.objc; path = AppDelegate.m; sourceTree = "<group>"; };
		35DDE1DB1DA4DFFF009A879D /* ViewController.h */ = {isa = PBXFileReference; lastKnownFileType = sourcecode.c.h; path = ViewController.h; sourceTree = "<group>"; };
		35DDE1DC1DA4DFFF009A879D /* ViewController.m */ = {isa = PBXFileReference; lastKnownFileType = sourcecode.c.objc; path = ViewController.m; sourceTree = "<group>"; };
		35DDE1DF1DA4DFFF009A879D /* Base */ = {isa = PBXFileReference; lastKnownFileType = file.storyboard; name = Base; path = Base.lproj/Main.storyboard; sourceTree = "<group>"; };
		35DDE1E11DA4DFFF009A879D /* Assets.xcassets */ = {isa = PBXFileReference; lastKnownFileType = folder.assetcatalog; path = Assets.xcassets; sourceTree = "<group>"; };
		35DDE1E41DA4DFFF009A879D /* Base */ = {isa = PBXFileReference; lastKnownFileType = file.storyboard; name = Base; path = Base.lproj/LaunchScreen.storyboard; sourceTree = "<group>"; };
		35DDE1E61DA4DFFF009A879D /* Info.plist */ = {isa = PBXFileReference; lastKnownFileType = text.plist.xml; path = Info.plist; sourceTree = "<group>"; };
/* End PBXFileReference section */

/* Begin PBXFrameworksBuildPhase section */
		35DDE1CF1DA4DFFF009A879D /* Frameworks */ = {
			isa = PBXFrameworksBuildPhase;
			buildActionMask = 2147483647;
			files = (
			);
			runOnlyForDeploymentPostprocessing = 0;
		};
/* End PBXFrameworksBuildPhase section */

/* Begin PBXGroup section */
		35DDE1C91DA4DFFF009A879D = {
			isa = PBXGroup;
			children = (
				35DDE1D41DA4DFFF009A879D /* Attributor */,
				35DDE1D31DA4DFFF009A879D /* Products */,
			);
			sourceTree = "<group>";
		};
		35DDE1D31DA4DFFF009A879D /* Products */ = {
			isa = PBXGroup;
			children = (
				35DDE1D21DA4DFFF009A879D /* Attributor.app */,
			);
			name = Products;
			sourceTree = "<group>";
		};
		35DDE1D41DA4DFFF009A879D /* Attributor */ = {
			isa = PBXGroup;
			children = (
				35DDE1D81DA4DFFF009A879D /* AppDelegate.h */,
				35DDE1D91DA4DFFF009A879D /* AppDelegate.m */,
				35DDE1DB1DA4DFFF009A879D /* ViewController.h */,
				35DDE1DC1DA4DFFF009A879D /* ViewController.m */,
				35DDE1DE1DA4DFFF009A879D /* Main.storyboard */,
				35DDE1E11DA4DFFF009A879D /* Assets.xcassets */,
				35DDE1E31DA4DFFF009A879D /* LaunchScreen.storyboard */,
				35DDE1E61DA4DFFF009A879D /* Info.plist */,
				35DDE1D51DA4DFFF009A879D /* Supporting Files */,
			);
			path = Attributor;
			sourceTree = "<group>";
		};
		35DDE1D51DA4DFFF009A879D /* Supporting Files */ = {
			isa = PBXGroup;
			children = (
				35DDE1D61DA4DFFF009A879D /* main.m */,
			);
			name = "Supporting Files";
			sourceTree = "<group>";
		};
/* End PBXGroup section */

/* Begin PBXNativeTarget section */
		35DDE1D11DA4DFFF009A879D /* Attributor */ = {
			isa = PBXNativeTarget;
			buildConfigurationList = 35DDE1E91DA4DFFF009A879D /* Build configuration list for PBXNativeTarget "Attributor" */;
			buildPhases = (
				35DDE1CE1DA4DFFF009A879D /* Sources */,
				35DDE1CF1DA4DFFF009A879D /* Frameworks */,
				35DDE1D01DA4DFFF009A879D /* Resources */,
			);
			buildRules = (
			);
			dependencies = (
			);
			name = Attributor;
			productName = Attributor;
			productReference = 35DDE1D21DA4DFFF009A879D /* Attributor.app */;
			productType = "com.apple.product-type.application";
		};
/* End PBXNativeTarget section */

/* Begin PBXProject section */
		35DDE1CA1DA4DFFF009A879D /* Project object */ = {
			isa = PBXProject;
			attributes = {
				LastUpgradeCheck = 0800;
				ORGANIZATIONNAME = "徐俊扬";
				TargetAttributes = {
					35DDE1D11DA4DFFF009A879D = {
						CreatedOnToolsVersion = 8.0;
						ProvisioningStyle = Automatic;
					};
				};
			};
			buildConfigurationList = 35DDE1CD1DA4DFFF009A879D /* Build configuration list for PBXProject "Attributor" */;
			compatibilityVersion = "Xcode 3.2";
			developmentRegion = English;
			hasScannedForEncodings = 0;
			knownRegions = (
				en,
				Base,
			);
			mainGroup = 35DDE1C91DA4DFFF009A879D;
			productRefGroup = 35DDE1D31DA4DFFF009A879D /* Products */;
			projectDirPath = "";
			projectRoot = "";
			targets = (
				35DDE1D11DA4DFFF009A879D /* Attributor */,
			);
		};
/* End PBXProject section */

/* Begin PBXResourcesBuildPhase section */
		35DDE1D01DA4DFFF009A879D /* Resources */ = {
			isa = PBXResourcesBuildPhase;
			buildActionMask = 2147483647;
			files = (
				35DDE1E51DA4DFFF009A879D /* LaunchScreen.storyboard in Resources */,
				35DDE1E21DA4DFFF009A879D /* Assets.xcassets in Resources */,
				35DDE1E01DA4DFFF009A879D /* Main.storyboard in Resources */,
			);
			runOnlyForDeploymentPostprocessing = 0;
		};
/* End PBXResourcesBuildPhase section */

/* Begin PBXSourcesBuildPhase section */
		35DDE1CE1DA4DFFF009A879D /* Sources */ = {
			isa = PBXSourcesBuildPhase;
			buildActionMask = 2147483647;
			files = (
				35DDE1DD1DA4DFFF009A879D /* ViewController.m in Sources */,
				35DDE1DA1DA4DFFF009A879D /* AppDelegate.m in Sources */,
				35DDE1D71DA4DFFF009A879D /* main.m in Sources */,
			);
			runOnlyForDeploymentPostprocessing = 0;
		};
/* End PBXSourcesBuildPhase section */

/* Begin PBXVariantGroup section */
		35DDE1DE1DA4DFFF009A879D /* Main.storyboard */ = {
			isa = PBXVariantGroup;
			children = (
				35DDE1DF1DA4DFFF009A879D /* Base */,
			);
			name = Main.storyboard;
			sourceTree = "<group>";
		};
		35DDE1E31DA4DFFF009A879D /* LaunchScreen.storyboard */ = {
			isa = PBXVariantGroup;
			children = (
				35DDE1E41DA4DFFF009A879D /* Base */,
			);
			name = LaunchScreen.storyboard;
			sourceTree = "<group>";
		};
/* End PBXVariantGroup section */

/* Begin XCBuildConfiguration section */
		35DDE1E71DA4DFFF009A879D /* Debug */ = {
			isa = XCBuildConfiguration;
			buildSettings = {
				ALWAYS_SEARCH_USER_PATHS = NO;
				CLANG_ANALYZER_NONNULL = YES;
				CLANG_CXX_LANGUAGE_STANDARD = "gnu++0x";
				CLANG_CXX_LIBRARY = "libc++";
				CLANG_ENABLE_MODULES = YES;
				CLANG_ENABLE_OBJC_ARC = YES;
				CLANG_WARN_BOOL_CONVERSION = YES;
				CLANG_WARN_CONSTANT_CONVERSION = YES;
				CLANG_WARN_DIRECT_OBJC_ISA_USAGE = YES_ERROR;
				CLANG_WARN_DOCUMENTATION_COMMENTS = YES;
				CLANG_WARN_EMPTY_BODY = YES;
				CLANG_WARN_ENUM_CONVERSION = YES;
				CLANG_WARN_INFINITE_RECURSION = YES;
				CLANG_WARN_INT_CONVERSION = YES;
				CLANG_WARN_OBJC_ROOT_CLASS = YES_ERROR;
				CLANG_WARN_SUSPICIOUS_MOVES = YES;
				CLANG_WARN_UNREACHABLE_CODE = YES;
				CLANG_WARN__DUPLICATE_METHOD_MATCH = YES;
				"CODE_SIGN_IDENTITY[sdk=iphoneos*]" = "iPhone Developer";
				COPY_PHASE_STRIP = NO;
				DEBUG_INFORMATION_FORMAT = dwarf;
				ENABLE_STRICT_OBJC_MSGSEND = YES;
				ENABLE_TESTABILITY = YES;
				GCC_C_LANGUAGE_STANDARD = gnu99;
				GCC_DYNAMIC_NO_PIC = NO;
				GCC_NO_COMMON_BLOCKS = YES;
				GCC_OPTIMIZATION_LEVEL = 0;
				GCC_PREPROCESSOR_DEFINITIONS = (
					"DEBUG=1",
					"$(inherited)",
				);
				GCC_WARN_64_TO_32_BIT_CONVERSION = YES;
				GCC_WARN_ABOUT_RETURN_TYPE = YES_ERROR;
				GCC_WARN_UNDECLARED_SELECTOR = YES;
				GCC_WARN_UNINITIALIZED_AUTOS = YES_AGGRESSIVE;
				GCC_WARN_UNUSED_FUNCTION = YES;
				GCC_WARN_UNUSED_VARIABLE = YES;
				IPHONEOS_DEPLOYMENT_TARGET = 10.0;
				MTL_ENABLE_DEBUG_INFO = YES;
				ONLY_ACTIVE_ARCH = YES;
				SDKROOT = iphoneos;
			};
			name = Debug;
		};
		35DDE1E81DA4DFFF009A879D /* Release */ = {
			isa = XCBuildConfiguration;
			buildSettings = {
				ALWAYS_SEARCH_USER_PATHS = NO;
				CLANG_ANALYZER_NONNULL = YES;
				CLANG_CXX_LANGUAGE_STANDARD = "gnu++0x";
				CLANG_CXX_LIBRARY = "libc++";
				CLANG_ENABLE_MODULES = YES;
				CLANG_ENABLE_OBJC_ARC = YES;
				CLANG_WARN_BOOL_CONVERSION = YES;
				CLANG_WARN_CONSTANT_CONVERSION = YES;
				CLANG_WARN_DIRECT_OBJC_ISA_USAGE = YES_ERROR;
				CLANG_WARN_DOCUMENTATION_COMMENTS = YES;
				CLANG_WARN_EMPTY_BODY = YES;
				CLANG_WARN_ENUM_CONVERSION = YES;
				CLANG_WARN_INFINITE_RECURSION = YES;
				CLANG_WARN_INT_CONVERSION = YES;
				CLANG_WARN_OBJC_ROOT_CLASS = YES_ERROR;
				CLANG_WARN_SUSPICIOUS_MOVES = YES;
				CLANG_WARN_UNREACHABLE_CODE = YES;
				CLANG_WARN__DUPLICATE_METHOD_MATCH = YES;
				"CODE_SIGN_IDENTITY[sdk=iphoneos*]" = "iPhone Developer";
				COPY_PHASE_STRIP = NO;
				DEBUG_INFORMATION_FORMAT = "dwarf-with-dsym";
				ENABLE_NS_ASSERTIONS = NO;
				ENABLE_STRICT_OBJC_MSGSEND = YES;
				GCC_C_LANGUAGE_STANDARD = gnu99;
				GCC_NO_COMMON_BLOCKS = YES;
				GCC_WARN_64_TO_32_BIT_CONVERSION = YES;
				GCC_WARN_ABOUT_RETURN_TYPE = YES_ERROR;
				GCC_WARN_UNDECLARED_SELECTOR = YES;
				GCC_WARN_UNINITIALIZED_AUTOS = YES_AGGRESSIVE;
				GCC_WARN_UNUSED_FUNCTION = YES;
				GCC_WARN_UNUSED_VARIABLE = YES;
				IPHONEOS_DEPLOYMENT_TARGET = 10.0;
				MTL_ENABLE_DEBUG_INFO = NO;
				SDKROOT = iphoneos;
				VALIDATE_PRODUCT = YES;
			};
			name = Release;
		};
		35DDE1EA1DA4DFFF009A879D /* Debug */ = {
			isa = XCBuildConfiguration;
			buildSettings = {
				ASSETCATALOG_COMPILER_APPICON_NAME = AppIcon;
				INFOPLIST_FILE = Attributor/Info.plist;
				LD_RUNPATH_SEARCH_PATHS = "$(inherited) @executable_path/Frameworks";
				PRODUCT_BUNDLE_IDENTIFIER = com.bestv.Attributor;
				PRODUCT_NAME = "$(TARGET_NAME)";
			};
			name = Debug;
		};
		35DDE1EB1DA4DFFF009A879D /* Release */ = {
			isa = XCBuildConfiguration;
			buildSettings = {
				ASSETCATALOG_COMPILER_APPICON_NAME = AppIcon;
				INFOPLIST_FILE = Attributor/Info.plist;
				LD_RUNPATH_SEARCH_PATHS = "$(inherited) @executable_path/Frameworks";
				PRODUCT_BUNDLE_IDENTIFIER = com.bestv.Attributor;
				PRODUCT_NAME = "$(TARGET_NAME)";
			};
			name = Release;
		};
/* End XCBuildConfiguration section */

/* Begin XCConfigurationList section */
		35DDE1CD1DA4DFFF009A879D /* Build configuration list for PBXProject "Attributor" */ = {
			isa = XCConfigurationList;
			buildConfigurations = (
				35DDE1E71DA4DFFF009A879D /* Debug */,
				35DDE1E81DA4DFFF009A879D /* Release */,
			);
			defaultConfigurationIsVisible = 0;
			defaultConfigurationName = Release;
		};
		35DDE1E91DA4DFFF009A879D /* Build configuration list for PBXNativeTarget "Attributor" */ = {
			isa = XCConfigurationList;
			buildConfigurations = (
				35DDE1EA1DA4DFFF009A879D /* Debug */,
				35DDE1EB1DA4DFFF009A879D /* Release */,
			);
			defaultConfigurationIsVisible = 0;
		};
/* End XCConfigurationList section */
	};
	rootObject = 35DDE1CA1DA4DFFF009A879D /* Project object */;
}
